
Microsoft Visual Studio Solution File, Format Version 12.00
# Visual Studio 2012
Project("{FAE04EC0-301F-11D3-BF4B-00C04F79EFBC}") = "QueueAndCallback", "QueueAndCallback\QueueAndCallback.csproj", "{CFF966CD-A3CB-4A16-B7F4-6992B06E1346}"
EndProject
Global
	GlobalSection(SolutionConfigurationPlatforms) = preSolution
		Debug|Any CPU = Debug|Any CPU
		Release|Any CPU = Release|Any CPU
	EndGlobalSection
	GlobalSection(ProjectConfigurationPlatforms) = postSolution
		{CFF966CD-A3CB-4A16-B7F4-6992B06E1346}.Debug|Any CPU.ActiveCfg = Debug|Any CPU
		{CFF966CD-A3CB-4A16-B7F4-6992B06E1346}.Debug|Any CPU.Build.0 = Debug|Any CPU
		{CFF966CD-A3CB-4A16-B7F4-6992B06E1346}.Release|Any CPU.ActiveCfg = Release|Any CPU
		{CFF966CD-A3CB-4A16-B7F4-6992B06E1346}.Release|Any CPU.Build.0 = Release|Any CPU
	EndGlobalSection
	GlobalSection(SolutionProperties) = preSolution
		HideSolutionNode = FALSE
	EndGlobalSection
EndGlobal
